# THIS IS AN AUTOGENERATED FILE. DO NOT EDIT THIS FILE DIRECTLY.
# yarn lockfile v1


"@linaria/core@3.0.0-beta.21":
  version "3.0.0-beta.21"
  resolved "https://registry.yarnpkg.com/@linaria/core/-/core-3.0.0-beta.21.tgz#f7316d88b2302a5f88f07ed8bdac3a95803f6d91"
  integrity sha512-FSy92X5Ej6CvxqF9kDLzM6p5NmXzYy9onXI7vUpp9V3+qepOVJy2UKOPozdQH2E1E7J8bnO75h8haB9k+3m7Hg==
  dependencies:
    "@linaria/logger" "^3.0.0-beta.20"
    "@linaria/utils" "^3.0.0-beta.20"

"@linaria/logger@^3.0.0-beta.20":
  version "3.0.0-beta.20"
  resolved "https://registry.yarnpkg.com/@linaria/logger/-/logger-3.0.0-beta.20.tgz#f6f6476afe3d99880a88794bbc16b0f4b2bc1d31"
  integrity sha512-wCxWnldCHf7HXdLG3QtbKyBur+z5V1qZTouSEvcVYDfd4aSRPOi/jLdwsZlsUq2PFGpA3jW6JnreZJ/vxuEl7g==
  dependencies:
    debug "^4.1.1"
    picocolors "^1.0.0"

"@linaria/utils@^3.0.0-beta.20":
  version "3.0.0-beta.20"
  resolved "https://registry.yarnpkg.com/@linaria/utils/-/utils-3.0.0-beta.20.tgz#0965df816120a1973c4559b746571c01c6cb9bef"
  integrity sha512-SKRC9dBApzu0kTksVtGZ7eJz1vMu7xew/JEAjQj6XTQDblzWpTPyKQHBOGXNkqXjIB8PwAqWfvKzKapzaOwQaQ==

"@types/lodash@4.14.182":
  version "4.14.182"
  resolved "https://registry.yarnpkg.com/@types/lodash/-/lodash-4.14.182.tgz#05301a4d5e62963227eaafe0ce04dd77c54ea5c2"
  integrity sha512-/THyiqyQAP9AfARo4pF+aCGcyiQ94tX/Is2I7HofNRqoYLgN1PBoOWu2/zTA5zMxzP5EFutMtWtGAFRKUe961Q==

debug@^4.1.1:
  version "4.3.4"
  resolved "https://registry.yarnpkg.com/debug/-/debug-4.3.4.tgz#1319f6579357f2338d3337d2cdd4914bb5dcc865"
  integrity sha512-PRWFHuSU3eDtQJPvnNY7Jcket1j0t5OuOsFzPPzsekD52Zl8qUfFIPEiswXqIvHWGVHOgX+7G/vCNNhehwxfkQ==
  dependencies:
    ms "2.1.2"

lodash@4.17.21:
  version "4.17.21"
  resolved "https://registry.yarnpkg.com/lodash/-/lodash-4.17.21.tgz#679591c564c3bffaae8454cf0b3df370c3d6911c"
  integrity sha512-v2kDEe57lecTulaDIuNTPy3Ry4gLGJ6Z1O3vE1krgXZNrsQ+LFTGHVxVjcXPs17LhbZVGedAJv8XZ1tvj5FvSg==

ms@2.1.2:
  version "2.1.2"
  resolved "https://registry.yarnpkg.com/ms/-/ms-2.1.2.tgz#d09d1f357b443f493382a8eb3ccd183872ae6009"
  integrity sha512-sGkPx+VjMtmA6MX27oA4FBFELFCZZ4S4XqeGOXCv68tT+jb3vk/RyaKWP0PTKyWtmLSM0b+adUTEvbs1PEaH2w==

picocolors@^1.0.0:
  version "1.0.0"
  resolved "https://registry.yarnpkg.com/picocolors/-/picocolors-1.0.0.tgz#cb5bdc74ff3f51892236eaf79d68bc44564ab81c"
  integrity sha512-1fygroTLlHu66zi26VoTDv8yRgm0Fccecssto+MhsZ0D/DGW2sm8E8AjW7NU5VVTRt5GxbeZ5qBuJr+HyLYkjQ==
